
Microsoft Visual Studio Solution File, Format Version 12.00
# Visual Studio Version 16
VisualStudioVersion = 16.0.31515.178
MinimumVisualStudioVersion = 10.0.40219.1
Project("{FAE04EC0-301F-11D3-BF4B-00C04F79EFBC}") = "vlc1", "vlc1\vlc1.csproj", "{82B30D6C-D2C9-401B-BF90-830797490089}"
EndProject
Global
	GlobalSection(SolutionConfigurationPlatforms) = preSolution
		Debug|Any CPU = Debug|Any CPU
		Release|Any CPU = Release|Any CPU
	EndGlobalSection
	GlobalSection(ProjectConfigurationPlatforms) = postSolution
		{82B30D6C-D2C9-401B-BF90-830797490089}.Debug|Any CPU.ActiveCfg = Debug|Any CPU
		{82B30D6C-D2C9-401B-BF90-830797490089}.Debug|Any CPU.Build.0 = Debug|Any CPU
		{82B30D6C-D2C9-401B-BF90-830797490089}.Release|Any CPU.ActiveCfg = Release|Any CPU
		{82B30D6C-D2C9-401B-BF90-830797490089}.Release|Any CPU.Build.0 = Release|Any CPU
	EndGlobalSection
	GlobalSection(SolutionProperties) = preSolution
		HideSolutionNode = FALSE
	EndGlobalSection
	GlobalSection(ExtensibilityGlobals) = postSolution
		SolutionGuid = {EF0D118C-BF75-4F3E-B06D-B9C809E3D530}
	EndGlobalSection
EndGlobal
